
Microsoft Visual Studio Solution File, Format Version 12.00
# Visual Studio Version 17
VisualStudioVersion = 17.4.33213.308
MinimumVisualStudioVersion = 10.0.40219.1
Project("{9A19103F-16F7-4668-BE54-9A1E7A4F7556}") = "Northwind.Common.EntityModels.SQLServer", "Northwind.Common.EntityModels.SQLServer\Northwind.Common.EntityModels.SQLServer.csproj", "{38C0A54F-5E14-4B1E-82A9-7D97635808E6}"
EndProject
Project("{9A19103F-16F7-4668-BE54-9A1E7A4F7556}") = "Northwind.Common.DataContext.SqlServer", "Northwind.Common.DataContext.SqlServer\Northwind.Common.DataContext.SqlServer.csproj", "{09D166A6-F9C2-4B72-8F56-B056DFCAA1CA}"
EndProject
Project("{9A19103F-16F7-4668-BE54-9A1E7A4F7556}") = "Northwind.Common.UnitTests", "Northwind.Common.UnitTests\Northwind.Common.UnitTests.csproj", "{B4D3CE03-F7BF-46A4-BCB1-3EB4C6C9F658}"
EndProject
Project("{9A19103F-16F7-4668-BE54-9A1E7A4F7556}") = "Northwind.Web", "Northwind.Web\Northwind.Web.csproj", "{D3CBCCED-9C71-41A4-AD1F-5CD152628BE1}"
EndProject
Global
	GlobalSection(SolutionConfigurationPlatforms) = preSolution
		Debug|Any CPU = Debug|Any CPU
		Release|Any CPU = Release|Any CPU
	EndGlobalSection
	GlobalSection(ProjectConfigurationPlatforms) = postSolution
		{38C0A54F-5E14-4B1E-82A9-7D97635808E6}.Debug|Any CPU.ActiveCfg = Debug|Any CPU
		{38C0A54F-5E14-4B1E-82A9-7D97635808E6}.Debug|Any CPU.Build.0 = Debug|Any CPU
		{38C0A54F-5E14-4B1E-82A9-7D97635808E6}.Release|Any CPU.ActiveCfg = Release|Any CPU
		{38C0A54F-5E14-4B1E-82A9-7D97635808E6}.Release|Any CPU.Build.0 = Release|Any CPU
		{09D166A6-F9C2-4B72-8F56-B056DFCAA1CA}.Debug|Any CPU.ActiveCfg = Debug|Any CPU
		{09D166A6-F9C2-4B72-8F56-B056DFCAA1CA}.Debug|Any CPU.Build.0 = Debug|Any CPU
		{09D166A6-F9C2-4B72-8F56-B056DFCAA1CA}.Release|Any CPU.ActiveCfg = Release|Any CPU
		{09D166A6-F9C2-4B72-8F56-B056DFCAA1CA}.Release|Any CPU.Build.0 = Release|Any CPU
		{B4D3CE03-F7BF-46A4-BCB1-3EB4C6C9F658}.Debug|Any CPU.ActiveCfg = Debug|Any CPU
		{B4D3CE03-F7BF-46A4-BCB1-3EB4C6C9F658}.Debug|Any CPU.Build.0 = Debug|Any CPU
		{B4D3CE03-F7BF-46A4-BCB1-3EB4C6C9F658}.Release|Any CPU.ActiveCfg = Release|Any CPU
		{B4D3CE03-F7BF-46A4-BCB1-3EB4C6C9F658}.Release|Any CPU.Build.0 = Release|Any CPU
		{D3CBCCED-9C71-41A4-AD1F-5CD152628BE1}.Debug|Any CPU.ActiveCfg = Debug|Any CPU
		{D3CBCCED-9C71-41A4-AD1F-5CD152628BE1}.Debug|Any CPU.Build.0 = Debug|Any CPU
		{D3CBCCED-9C71-41A4-AD1F-5CD152628BE1}.Release|Any CPU.ActiveCfg = Release|Any CPU
		{D3CBCCED-9C71-41A4-AD1F-5CD152628BE1}.Release|Any CPU.Build.0 = Release|Any CPU
	EndGlobalSection
	GlobalSection(SolutionProperties) = preSolution
		HideSolutionNode = FALSE
	EndGlobalSection
	GlobalSection(ExtensibilityGlobals) = postSolution
		SolutionGuid = {8D1BAD3E-8DA1-4674-82A2-CEF0E17CEB0D}
	EndGlobalSection
EndGlobal
