
Microsoft Visual Studio Solution File, Format Version 12.00
# Visual Studio Version 17
VisualStudioVersion = 17.4.33213.308
MinimumVisualStudioVersion = 10.0.40219.1
Project("{9A19103F-16F7-4668-BE54-9A1E7A4F7556}") = "Vocabulary", "Vocabulary\Vocabulary.csproj", "{FDC194D1-932C-45C1-AD51-94C67B6C6F13}"
EndProject
Project("{FAE04EC0-301F-11D3-BF4B-00C04F79EFBC}") = "Numbers", "Numbers\Numbers.csproj", "{56373D45-8E34-46DA-A757-474B8BB598DB}"
EndProject
Global
	GlobalSection(SolutionConfigurationPlatforms) = preSolution
		Debug|Any CPU = Debug|Any CPU
		Release|Any CPU = Release|Any CPU
	EndGlobalSection
	GlobalSection(ProjectConfigurationPlatforms) = postSolution
		{FDC194D1-932C-45C1-AD51-94C67B6C6F13}.Debug|Any CPU.ActiveCfg = Debug|Any CPU
		{FDC194D1-932C-45C1-AD51-94C67B6C6F13}.Debug|Any CPU.Build.0 = Debug|Any CPU
		{FDC194D1-932C-45C1-AD51-94C67B6C6F13}.Release|Any CPU.ActiveCfg = Release|Any CPU
		{FDC194D1-932C-45C1-AD51-94C67B6C6F13}.Release|Any CPU.Build.0 = Release|Any CPU
		{56373D45-8E34-46DA-A757-474B8BB598DB}.Debug|Any CPU.ActiveCfg = Debug|Any CPU
		{56373D45-8E34-46DA-A757-474B8BB598DB}.Debug|Any CPU.Build.0 = Debug|Any CPU
		{56373D45-8E34-46DA-A757-474B8BB598DB}.Release|Any CPU.ActiveCfg = Release|Any CPU
		{56373D45-8E34-46DA-A757-474B8BB598DB}.Release|Any CPU.Build.0 = Release|Any CPU
	EndGlobalSection
	GlobalSection(SolutionProperties) = preSolution
		HideSolutionNode = FALSE
	EndGlobalSection
	GlobalSection(ExtensibilityGlobals) = postSolution
		SolutionGuid = {10C49B70-F999-4BFD-ABB8-08D30D1F313D}
	EndGlobalSection
EndGlobal
