
Microsoft Visual Studio Solution File, Format Version 12.00
# Visual Studio Version 17
VisualStudioVersion = 17.4.33213.308
MinimumVisualStudioVersion = 10.0.40219.1
Project("{FAE04EC0-301F-11D3-BF4B-00C04F79EFBC}") = "WorkingWithEFCore", "WorkingWithEFCore\WorkingWithEFCore.csproj", "{12AFAC9C-0860-4F2C-8FDC-15E1752ED85B}"
EndProject
Global
	GlobalSection(SolutionConfigurationPlatforms) = preSolution
		Debug|Any CPU = Debug|Any CPU
		Release|Any CPU = Release|Any CPU
	EndGlobalSection
	GlobalSection(ProjectConfigurationPlatforms) = postSolution
		{12AFAC9C-0860-4F2C-8FDC-15E1752ED85B}.Debug|Any CPU.ActiveCfg = Debug|Any CPU
		{12AFAC9C-0860-4F2C-8FDC-15E1752ED85B}.Debug|Any CPU.Build.0 = Debug|Any CPU
		{12AFAC9C-0860-4F2C-8FDC-15E1752ED85B}.Release|Any CPU.ActiveCfg = Release|Any CPU
		{12AFAC9C-0860-4F2C-8FDC-15E1752ED85B}.Release|Any CPU.Build.0 = Release|Any CPU
	EndGlobalSection
	GlobalSection(SolutionProperties) = preSolution
		HideSolutionNode = FALSE
	EndGlobalSection
	GlobalSection(ExtensibilityGlobals) = postSolution
		SolutionGuid = {4C60F5E7-3C97-48D2-A7E6-F0E0A2D9837F}
	EndGlobalSection
EndGlobal
