
Microsoft Visual Studio Solution File, Format Version 12.00
# Visual Studio Version 17
VisualStudioVersion = 17.4.33213.308
MinimumVisualStudioVersion = 10.0.40219.1
Project("{9A19103F-16F7-4668-BE54-9A1E7A4F7556}") = "PeopleApp", "PeopleApp\PeopleApp.csproj", "{3CF3C197-7B7F-41C5-B610-995C50A14E76}"
EndProject
Project("{9A19103F-16F7-4668-BE54-9A1E7A4F7556}") = "PacktLibrary", "PacktLibrary\PacktLibrary.csproj", "{6BDDDA36-025C-4A9F-B62F-E0E5930B988C}"
EndProject
Project("{FAE04EC0-301F-11D3-BF4B-00C04F79EFBC}") = "NullHandling", "NullHandling\NullHandling.csproj", "{B0CC6D31-509A-4379-BFC0-013487EF6F2E}"
EndProject
Global
	GlobalSection(SolutionConfigurationPlatforms) = preSolution
		Debug|Any CPU = Debug|Any CPU
		Release|Any CPU = Release|Any CPU
	EndGlobalSection
	GlobalSection(ProjectConfigurationPlatforms) = postSolution
		{3CF3C197-7B7F-41C5-B610-995C50A14E76}.Debug|Any CPU.ActiveCfg = Debug|Any CPU
		{3CF3C197-7B7F-41C5-B610-995C50A14E76}.Debug|Any CPU.Build.0 = Debug|Any CPU
		{3CF3C197-7B7F-41C5-B610-995C50A14E76}.Release|Any CPU.ActiveCfg = Release|Any CPU
		{3CF3C197-7B7F-41C5-B610-995C50A14E76}.Release|Any CPU.Build.0 = Release|Any CPU
		{6BDDDA36-025C-4A9F-B62F-E0E5930B988C}.Debug|Any CPU.ActiveCfg = Debug|Any CPU
		{6BDDDA36-025C-4A9F-B62F-E0E5930B988C}.Debug|Any CPU.Build.0 = Debug|Any CPU
		{6BDDDA36-025C-4A9F-B62F-E0E5930B988C}.Release|Any CPU.ActiveCfg = Release|Any CPU
		{6BDDDA36-025C-4A9F-B62F-E0E5930B988C}.Release|Any CPU.Build.0 = Release|Any CPU
		{B0CC6D31-509A-4379-BFC0-013487EF6F2E}.Debug|Any CPU.ActiveCfg = Debug|Any CPU
		{B0CC6D31-509A-4379-BFC0-013487EF6F2E}.Debug|Any CPU.Build.0 = Debug|Any CPU
		{B0CC6D31-509A-4379-BFC0-013487EF6F2E}.Release|Any CPU.ActiveCfg = Release|Any CPU
		{B0CC6D31-509A-4379-BFC0-013487EF6F2E}.Release|Any CPU.Build.0 = Release|Any CPU
	EndGlobalSection
	GlobalSection(SolutionProperties) = preSolution
		HideSolutionNode = FALSE
	EndGlobalSection
	GlobalSection(ExtensibilityGlobals) = postSolution
		SolutionGuid = {3949A5D3-27DB-42F9-8B40-202B68D0BB46}
	EndGlobalSection
EndGlobal
