
Microsoft Visual Studio Solution File, Format Version 12.00
# Visual Studio Version 17
VisualStudioVersion = 17.4.33213.308
MinimumVisualStudioVersion = 10.0.40219.1
Project("{FAE04EC0-301F-11D3-BF4B-00C04F79EFBC}") = "HelloCs", "HelloCs\HelloCs.csproj", "{231402E3-10FD-4DF9-B70B-720CF052DB7B}"
EndProject
Project("{FAE04EC0-301F-11D3-BF4B-00C04F79EFBC}") = "AboutMyEnvironment", "AboutMyEnvironment\AboutMyEnvironment.csproj", "{9756E520-337C-41D6-AD93-CC148259F713}"
EndProject
Global
	GlobalSection(SolutionConfigurationPlatforms) = preSolution
		Debug|Any CPU = Debug|Any CPU
		Release|Any CPU = Release|Any CPU
	EndGlobalSection
	GlobalSection(ProjectConfigurationPlatforms) = postSolution
		{231402E3-10FD-4DF9-B70B-720CF052DB7B}.Debug|Any CPU.ActiveCfg = Debug|Any CPU
		{231402E3-10FD-4DF9-B70B-720CF052DB7B}.Debug|Any CPU.Build.0 = Debug|Any CPU
		{231402E3-10FD-4DF9-B70B-720CF052DB7B}.Release|Any CPU.ActiveCfg = Release|Any CPU
		{231402E3-10FD-4DF9-B70B-720CF052DB7B}.Release|Any CPU.Build.0 = Release|Any CPU
		{9756E520-337C-41D6-AD93-CC148259F713}.Debug|Any CPU.ActiveCfg = Debug|Any CPU
		{9756E520-337C-41D6-AD93-CC148259F713}.Debug|Any CPU.Build.0 = Debug|Any CPU
		{9756E520-337C-41D6-AD93-CC148259F713}.Release|Any CPU.ActiveCfg = Release|Any CPU
		{9756E520-337C-41D6-AD93-CC148259F713}.Release|Any CPU.Build.0 = Release|Any CPU
	EndGlobalSection
	GlobalSection(SolutionProperties) = preSolution
		HideSolutionNode = FALSE
	EndGlobalSection
	GlobalSection(ExtensibilityGlobals) = postSolution
		SolutionGuid = {888DDF05-B2C3-49C9-A1B2-80A3DE0BCCDA}
	EndGlobalSection
EndGlobal
