
Microsoft Visual Studio Solution File, Format Version 12.00
# Visual Studio Version 17
VisualStudioVersion = 17.4.33213.308
MinimumVisualStudioVersion = 10.0.40219.1
Project("{FAE04EC0-301F-11D3-BF4B-00C04F79EFBC}") = "LinqWithObjects", "LinqWithObjects\LinqWithObjects.csproj", "{59616396-F43A-4E87-BB45-B8EAD8200EA2}"
EndProject
Project("{FAE04EC0-301F-11D3-BF4B-00C04F79EFBC}") = "LinqWithEFCore", "LinqWithEFCore\LinqWithEFCore.csproj", "{FFFA035D-6ABB-4901-9FC3-F3EA1598C24B}"
EndProject
Global
	GlobalSection(SolutionConfigurationPlatforms) = preSolution
		Debug|Any CPU = Debug|Any CPU
		Release|Any CPU = Release|Any CPU
	EndGlobalSection
	GlobalSection(ProjectConfigurationPlatforms) = postSolution
		{59616396-F43A-4E87-BB45-B8EAD8200EA2}.Debug|Any CPU.ActiveCfg = Debug|Any CPU
		{59616396-F43A-4E87-BB45-B8EAD8200EA2}.Debug|Any CPU.Build.0 = Debug|Any CPU
		{59616396-F43A-4E87-BB45-B8EAD8200EA2}.Release|Any CPU.ActiveCfg = Release|Any CPU
		{59616396-F43A-4E87-BB45-B8EAD8200EA2}.Release|Any CPU.Build.0 = Release|Any CPU
		{FFFA035D-6ABB-4901-9FC3-F3EA1598C24B}.Debug|Any CPU.ActiveCfg = Debug|Any CPU
		{FFFA035D-6ABB-4901-9FC3-F3EA1598C24B}.Debug|Any CPU.Build.0 = Debug|Any CPU
		{FFFA035D-6ABB-4901-9FC3-F3EA1598C24B}.Release|Any CPU.ActiveCfg = Release|Any CPU
		{FFFA035D-6ABB-4901-9FC3-F3EA1598C24B}.Release|Any CPU.Build.0 = Release|Any CPU
	EndGlobalSection
	GlobalSection(SolutionProperties) = preSolution
		HideSolutionNode = FALSE
	EndGlobalSection
	GlobalSection(ExtensibilityGlobals) = postSolution
		SolutionGuid = {AC6240A7-6403-4C6D-9A89-EACFBEEBF438}
	EndGlobalSection
EndGlobal
