
Microsoft Visual Studio Solution File, Format Version 12.00
# Visual Studio Version 17
VisualStudioVersion = 17.4.33213.308
MinimumVisualStudioVersion = 10.0.40219.1
Project("{9A19103F-16F7-4668-BE54-9A1E7A4F7556}") = "Operator", "Operator\Operator.csproj", "{7CFC40B6-8FA0-4091-AAD6-117E8B01BFC7}"
EndProject
Project("{FAE04EC0-301F-11D3-BF4B-00C04F79EFBC}") = "IterationStatements", "IterationStatements\IterationStatements.csproj", "{6D60BF11-9B85-4E40-944D-4D87C02513CE}"
EndProject
Project("{FAE04EC0-301F-11D3-BF4B-00C04F79EFBC}") = "CastingConverting", "CastingConverting\CastingConverting.csproj", "{07BD510D-791D-4C76-819D-593F23270409}"
EndProject
Global
	GlobalSection(SolutionConfigurationPlatforms) = preSolution
		Debug|Any CPU = Debug|Any CPU
		Release|Any CPU = Release|Any CPU
	EndGlobalSection
	GlobalSection(ProjectConfigurationPlatforms) = postSolution
		{7CFC40B6-8FA0-4091-AAD6-117E8B01BFC7}.Debug|Any CPU.ActiveCfg = Debug|Any CPU
		{7CFC40B6-8FA0-4091-AAD6-117E8B01BFC7}.Debug|Any CPU.Build.0 = Debug|Any CPU
		{7CFC40B6-8FA0-4091-AAD6-117E8B01BFC7}.Release|Any CPU.ActiveCfg = Release|Any CPU
		{7CFC40B6-8FA0-4091-AAD6-117E8B01BFC7}.Release|Any CPU.Build.0 = Release|Any CPU
		{6D60BF11-9B85-4E40-944D-4D87C02513CE}.Debug|Any CPU.ActiveCfg = Debug|Any CPU
		{6D60BF11-9B85-4E40-944D-4D87C02513CE}.Debug|Any CPU.Build.0 = Debug|Any CPU
		{6D60BF11-9B85-4E40-944D-4D87C02513CE}.Release|Any CPU.ActiveCfg = Release|Any CPU
		{6D60BF11-9B85-4E40-944D-4D87C02513CE}.Release|Any CPU.Build.0 = Release|Any CPU
		{07BD510D-791D-4C76-819D-593F23270409}.Debug|Any CPU.ActiveCfg = Debug|Any CPU
		{07BD510D-791D-4C76-819D-593F23270409}.Debug|Any CPU.Build.0 = Debug|Any CPU
		{07BD510D-791D-4C76-819D-593F23270409}.Release|Any CPU.ActiveCfg = Release|Any CPU
		{07BD510D-791D-4C76-819D-593F23270409}.Release|Any CPU.Build.0 = Release|Any CPU
	EndGlobalSection
	GlobalSection(SolutionProperties) = preSolution
		HideSolutionNode = FALSE
	EndGlobalSection
	GlobalSection(ExtensibilityGlobals) = postSolution
		SolutionGuid = {20FEBEF8-3DAE-4ACC-AECC-BCFA762631C4}
	EndGlobalSection
EndGlobal
